{
  "name": "interface",
  "lockfileVersion": 3,
  "requires": true,
  "packages": {
    "": {
      "dependencies": {
        "crypto-icons": "^1.0.65"
      }
    },
    "node_modules/crypto-icons": {
      "version": "1.0.65",
      "resolved": "https://registry.npmjs.org/crypto-icons/-/crypto-icons-1.0.65.tgz",
      "integrity": "sha512-ioS4jw4c84ujafj4TeV196zELiMPSlVETa6uxTMDXIjNShcMyMRVa+39BZq6xpHXA+9jQMqa29p8sOosd1rwWQ=="
    }
  }
}
